// !$*UTF8*$!
{
	archiveVersion = 1;
	classes = {
	};
	objectVersion = 46;
	objects = {

/* Begin PBXBuildFile section */
		2597C09317F86D8800E2A253 /* Foundation.framework in Frameworks */ = {isa = PBXBuildFile; fileRef = 2597C09217F86D8800E2A253 /* Foundation.framework */; };
		2597C09517F86D8800E2A253 /* CoreGraphics.framework in Frameworks */ = {isa = PBXBuildFile; fileRef = 2597C09417F86D8800E2A253 /* CoreGraphics.framework */; };
		2597C09717F86D8800E2A253 /* UIKit.framework in Frameworks */ = {isa = PBXBuildFile; fileRef = 2597C09617F86D8800E2A253 /* UIKit.framework */; };
		2597C09D17F86D8800E2A253 /* InfoPlist.strings in Resources */ = {isa = PBXBuildFile; fileRef = 2597C09B17F86D8800E2A253 /* InfoPlist.strings */; };
		2597C09F17F86D8800E2A253 /* main.m in Sources */ = {isa = PBXBuildFile; fileRef = 2597C09E17F86D8800E2A253 /* main.m */; };
		2597C0A317F86D8800E2A253 /* CCAppDelegate.m in Sources */ = {isa = PBXBuildFile; fileRef = 2597C0A217F86D8800E2A253 /* CCAppDelegate.m */; };
		2597C0A517F86D8800E2A253 /* Images.xcassets in Resources */ = {isa = PBXBuildFile; fileRef = 2597C0A417F86D8800E2A253 /* Images.xcassets */; };
		2597C0AC17F86D8800E2A253 /* XCTest.framework in Frameworks */ = {isa = PBXBuildFile; fileRef = 2597C0AB17F86D8800E2A253 /* XCTest.framework */; };
		2597C0AD17F86D8800E2A253 /* Foundation.framework in Frameworks */ = {isa = PBXBuildFile; fileRef = 2597C09217F86D8800E2A253 /* Foundation.framework */; };
		2597C0AE17F86D8800E2A253 /* UIKit.framework in Frameworks */ = {isa = PBXBuildFile; fileRef = 2597C09617F86D8800E2A253 /* UIKit.framework */; };
		2597C0B617F86D8800E2A253 /* InfoPlist.strings in Resources */ = {isa = PBXBuildFile; fileRef = 2597C0B417F86D8800E2A253 /* InfoPlist.strings */; };
		2597C0B817F86D8800E2A253 /* Chinese_Poker_ScoreTests.m in Sources */ = {isa = PBXBuildFile; fileRef = 2597C0B717F86D8800E2A253 /* Chinese_Poker_ScoreTests.m */; };
/* End PBXBuildFile section */

/* Begin PBXContainerItemProxy section */
		2597C0AF17F86D8800E2A253 /* PBXContainerItemProxy */ = {
			isa = PBXContainerItemProxy;
			containerPortal = 2597C08717F86D8800E2A253 /* Project object */;
			proxyType = 1;
			remoteGlobalIDString = 2597C08E17F86D8800E2A253;
			remoteInfo = "Chinese Poker Score";
		};
/* End PBXContainerItemProxy section */

/* Begin PBXFileReference section */
		2597C08F17F86D8800E2A253 /* Chinese Poker Score.app */ = {isa = PBXFileReference; explicitFileType = wrapper.application; includeInIndex = 0; path = "Chinese Poker Score.app"; sourceTree = BUILT_PRODUCTS_DIR; };
		2597C09217F86D8800E2A253 /* Foundation.framework */ = {isa = PBXFileReference; lastKnownFileType = wrapper.framework; name = Foundation.framework; path = System/Library/Frameworks/Foundation.framework; sourceTree = SDKROOT; };
		2597C09417F86D8800E2A253 /* CoreGraphics.framework */ = {isa = PBXFileReference; lastKnownFileType = wrapper.framework; name = CoreGraphics.framework; path = System/Library/Frameworks/CoreGraphics.framework; sourceTree = SDKROOT; };
		2597C09617F86D8800E2A253 /* UIKit.framework */ = {isa = PBXFileReference; lastKnownFileType = wrapper.framework; name = UIKit.framework; path = System/Library/Frameworks/UIKit.framework; sourceTree = SDKROOT; };
		2597C09A17F86D8800E2A253 /* Chinese Poker Score-Info.plist */ = {isa = PBXFileReference; lastKnownFileType = text.plist.xml; path = "Chinese Poker Score-Info.plist"; sourceTree = "<group>"; };
		2597C09C17F86D8800E2A253 /* en */ = {isa = PBXFileReference; lastKnownFileType = text.plist.strings; name = en; path = en.lproj/InfoPlist.strings; sourceTree = "<group>"; };
		2597C09E17F86D8800E2A253 /* main.m */ = {isa = PBXFileReference; lastKnownFileType = sourcecode.c.objc; path = main.m; sourceTree = "<group>"; };
		2597C0A017F86D8800E2A253 /* Chinese Poker Score-Prefix.pch */ = {isa = PBXFileReference; lastKnownFileType = sourcecode.c.h; path = "Chinese Poker Score-Prefix.pch"; sourceTree = "<group>"; };
		2597C0A117F86D8800E2A253 /* CCAppDelegate.h */ = {isa = PBXFileReference; lastKnownFileType = sourcecode.c.h; path = CCAppDelegate.h; sourceTree = "<group>"; };
		2597C0A217F86D8800E2A253 /* CCAppDelegate.m */ = {isa = PBXFileReference; lastKnownFileType = sourcecode.c.objc; path = CCAppDelegate.m; sourceTree = "<group>"; };
		2597C0A417F86D8800E2A253 /* Images.xcassets */ = {isa = PBXFileReference; lastKnownFileType = folder.assetcatalog; path = Images.xcassets; sourceTree = "<group>"; };
		2597C0AA17F86D8800E2A253 /* Chinese Poker ScoreTests.xctest */ = {isa = PBXFileReference; explicitFileType = wrapper.cfbundle; includeInIndex = 0; path = "Chinese Poker ScoreTests.xctest"; sourceTree = BUILT_PRODUCTS_DIR; };
		2597C0AB17F86D8800E2A253 /* XCTest.framework */ = {isa = PBXFileReference; lastKnownFileType = wrapper.framework; name = XCTest.framework; path = Library/Frameworks/XCTest.framework; sourceTree = DEVELOPER_DIR; };
		2597C0B317F86D8800E2A253 /* Chinese Poker ScoreTests-Info.plist */ = {isa = PBXFileReference; lastKnownFileType = text.plist.xml; path = "Chinese Poker ScoreTests-Info.plist"; sourceTree = "<group>"; };
		2597C0B517F86D8800E2A253 /* en */ = {isa = PBXFileReference; lastKnownFileType = text.plist.strings; name = en; path = en.lproj/InfoPlist.strings; sourceTree = "<group>"; };
		2597C0B717F86D8800E2A253 /* Chinese_Poker_ScoreTests.m */ = {isa = PBXFileReference; lastKnownFileType = sourcecode.c.objc; path = Chinese_Poker_ScoreTests.m; sourceTree = "<group>"; };
/* End PBXFileReference section */

/* Begin PBXFrameworksBuildPhase section */
		2597C08C17F86D8800E2A253 /* Frameworks */ = {
			isa = PBXFrameworksBuildPhase;
			buildActionMask = 2147483647;
			files = (
				2597C09517F86D8800E2A253 /* CoreGraphics.framework in Frameworks */,
				2597C09717F86D8800E2A253 /* UIKit.framework in Frameworks */,
				2597C09317F86D8800E2A253 /* Foundation.framework in Frameworks */,
			);
			runOnlyForDeploymentPostprocessing = 0;
		};
		2597C0A717F86D8800E2A253 /* Frameworks */ = {
			isa = PBXFrameworksBuildPhase;
			buildActionMask = 2147483647;
			files = (
				2597C0AC17F86D8800E2A253 /* XCTest.framework in Frameworks */,
				2597C0AE17F86D8800E2A253 /* UIKit.framework in Frameworks */,
				2597C0AD17F86D8800E2A253 /* Foundation.framework in Frameworks */,
			);
			runOnlyForDeploymentPostprocessing = 0;
		};
/* End PBXFrameworksBuildPhase section */

/* Begin PBXGroup section */
		2597C08617F86D8800E2A253 = {
			isa = PBXGroup;
			children = (
				2597C09817F86D8800E2A253 /* Chinese Poker Score */,
				2597C0B117F86D8800E2A253 /* Chinese Poker ScoreTests */,
				2597C09117F86D8800E2A253 /* Frameworks */,
				2597C09017F86D8800E2A253 /* Products */,
			);
			sourceTree = "<group>";
		};
		2597C09017F86D8800E2A253 /* Products */ = {
			isa = PBXGroup;
			children = (
				2597C08F17F86D8800E2A253 /* Chinese Poker Score.app */,
				2597C0AA17F86D8800E2A253 /* Chinese Poker ScoreTests.xctest */,
			);
			name = Products;
			sourceTree = "<group>";
		};
		2597C09117F86D8800E2A253 /* Frameworks */ = {
			isa = PBXGroup;
			children = (
				2597C09217F86D8800E2A253 /* Foundation.framework */,
				2597C09417F86D8800E2A253 /* CoreGraphics.framework */,
				2597C09617F86D8800E2A253 /* UIKit.framework */,
				2597C0AB17F86D8800E2A253 /* XCTest.framework */,
			);
			name = Frameworks;
			sourceTree = "<group>";
		};
		2597C09817F86D8800E2A253 /* Chinese Poker Score */ = {
			isa = PBXGroup;
			children = (
				2597C0A117F86D8800E2A253 /* CCAppDelegate.h */,
				2597C0A217F86D8800E2A253 /* CCAppDelegate.m */,
				2597C0A417F86D8800E2A253 /* Images.xcassets */,
				2597C09917F86D8800E2A253 /* Supporting Files */,
			);
			path = "Chinese Poker Score";
			sourceTree = "<group>";
		};
		2597C09917F86D8800E2A253 /* Supporting Files */ = {
			isa = PBXGroup;
			children = (
				2597C09A17F86D8800E2A253 /* Chinese Poker Score-Info.plist */,
				2597C09B17F86D8800E2A253 /* InfoPlist.strings */,
				2597C09E17F86D8800E2A253 /* main.m */,
				2597C0A017F86D8800E2A253 /* Chinese Poker Score-Prefix.pch */,
			);
			name = "Supporting Files";
			sourceTree = "<group>";
		};
		2597C0B117F86D8800E2A253 /* Chinese Poker ScoreTests */ = {
			isa = PBXGroup;
			children = (
				2597C0B717F86D8800E2A253 /* Chinese_Poker_ScoreTests.m */,
				2597C0B217F86D8800E2A253 /* Supporting Files */,
			);
			path = "Chinese Poker ScoreTests";
			sourceTree = "<group>";
		};
		2597C0B217F86D8800E2A253 /* Supporting Files */ = {
			isa = PBXGroup;
			children = (
				2597C0B317F86D8800E2A253 /* Chinese Poker ScoreTests-Info.plist */,
				2597C0B417F86D8800E2A253 /* InfoPlist.strings */,
			);
			name = "Supporting Files";
			sourceTree = "<group>";
		};
/* End PBXGroup section */

/* Begin PBXNativeTarget section */
		2597C08E17F86D8800E2A253 /* Chinese Poker Score */ = {
			isa = PBXNativeTarget;
			buildConfigurationList = 2597C0BB17F86D8800E2A253 /* Build configuration list for PBXNativeTarget "Chinese Poker Score" */;
			buildPhases = (
				2597C08B17F86D8800E2A253 /* Sources */,
				2597C08C17F86D8800E2A253 /* Frameworks */,
				2597C08D17F86D8800E2A253 /* Resources */,
			);
			buildRules = (
			);
			dependencies = (
			);
			name = "Chinese Poker Score";
			productName = "Chinese Poker Score";
			productReference = 2597C08F17F86D8800E2A253 /* Chinese Poker Score.app */;
			productType = "com.apple.product-type.application";
		};
		2597C0A917F86D8800E2A253 /* Chinese Poker ScoreTests */ = {
			isa = PBXNativeTarget;
			buildConfigurationList = 2597C0BE17F86D8800E2A253 /* Build configuration list for PBXNativeTarget "Chinese Poker ScoreTests" */;
			buildPhases = (
				2597C0A617F86D8800E2A253 /* Sources */,
				2597C0A717F86D8800E2A253 /* Frameworks */,
				2597C0A817F86D8800E2A253 /* Resources */,
			);
			buildRules = (
			);
			dependencies = (
				2597C0B017F86D8800E2A253 /* PBXTargetDependency */,
			);
			name = "Chinese Poker ScoreTests";
			productName = "Chinese Poker ScoreTests";
			productReference = 2597C0AA17F86D8800E2A253 /* Chinese Poker ScoreTests.xctest */;
			productType = "com.apple.product-type.bundle.unit-test";
		};
/* End PBXNativeTarget section */

/* Begin PBXProject section */
		2597C08717F86D8800E2A253 /* Project object */ = {
			isa = PBXProject;
			attributes = {
				CLASSPREFIX = CC;
				LastUpgradeCheck = 0500;
				ORGANIZATIONNAME = "Madis Nõmme";
				TargetAttributes = {
					2597C0A917F86D8800E2A253 = {
						TestTargetID = 2597C08E17F86D8800E2A253;
					};
				};
			};
			buildConfigurationList = 2597C08A17F86D8800E2A253 /* Build configuration list for PBXProject "Chinese Poker Score" */;
			compatibilityVersion = "Xcode 3.2";
			developmentRegion = English;
			hasScannedForEncodings = 0;
			knownRegions = (
				en,
			);
			mainGroup = 2597C08617F86D8800E2A253;
			productRefGroup = 2597C09017F86D8800E2A253 /* Products */;
			projectDirPath = "";
			projectRoot = "";
			targets = (
				2597C08E17F86D8800E2A253 /* Chinese Poker Score */,
				2597C0A917F86D8800E2A253 /* Chinese Poker ScoreTests */,
			);
		};
/* End PBXProject section */

/* Begin PBXResourcesBuildPhase section */
		2597C08D17F86D8800E2A253 /* Resources */ = {
			isa = PBXResourcesBuildPhase;
			buildActionMask = 2147483647;
			files = (
				2597C09D17F86D8800E2A253 /* InfoPlist.strings in Resources */,
				2597C0A517F86D8800E2A253 /* Images.xcassets in Resources */,
			);
			runOnlyForDeploymentPostprocessing = 0;
		};
		2597C0A817F86D8800E2A253 /* Resources */ = {
			isa = PBXResourcesBuildPhase;
			buildActionMask = 2147483647;
			files = (
				2597C0B617F86D8800E2A253 /* InfoPlist.strings in Resources */,
			);
			runOnlyForDeploymentPostprocessing = 0;
		};
/* End PBXResourcesBuildPhase section */

/* Begin PBXSourcesBuildPhase section */
		2597C08B17F86D8800E2A253 /* Sources */ = {
			isa = PBXSourcesBuildPhase;
			buildActionMask = 2147483647;
			files = (
				2597C0A317F86D8800E2A253 /* CCAppDelegate.m in Sources */,
				2597C09F17F86D8800E2A253 /* main.m in Sources */,
			);
			runOnlyForDeploymentPostprocessing = 0;
		};
		2597C0A617F86D8800E2A253 /* Sources */ = {
			isa = PBXSourcesBuildPhase;
			buildActionMask = 2147483647;
			files = (
				2597C0B817F86D8800E2A253 /* Chinese_Poker_ScoreTests.m in Sources */,
			);
			runOnlyForDeploymentPostprocessing = 0;
		};
/* End PBXSourcesBuildPhase section */

/* Begin PBXTargetDependency section */
		2597C0B017F86D8800E2A253 /* PBXTargetDependency */ = {
			isa = PBXTargetDependency;
			target = 2597C08E17F86D8800E2A253 /* Chinese Poker Score */;
			targetProxy = 2597C0AF17F86D8800E2A253 /* PBXContainerItemProxy */;
		};
/* End PBXTargetDependency section */

/* Begin PBXVariantGroup section */
		2597C09B17F86D8800E2A253 /* InfoPlist.strings */ = {
			isa = PBXVariantGroup;
			children = (
				2597C09C17F86D8800E2A253 /* en */,
			);
			name = InfoPlist.strings;
			sourceTree = "<group>";
		};
		2597C0B417F86D8800E2A253 /* InfoPlist.strings */ = {
			isa = PBXVariantGroup;
			children = (
				2597C0B517F86D8800E2A253 /* en */,
			);
			name = InfoPlist.strings;
			sourceTree = "<group>";
		};
/* End PBXVariantGroup section */

/* Begin XCBuildConfiguration section */
		2597C0B917F86D8800E2A253 /* Debug */ = {
			isa = XCBuildConfiguration;
			buildSettings = {
				ALWAYS_SEARCH_USER_PATHS = NO;
				ARCHS = "$(ARCHS_STANDARD_INCLUDING_64_BIT)";
				CLANG_CXX_LANGUAGE_STANDARD = "gnu++0x";
				CLANG_CXX_LIBRARY = "libc++";
				CLANG_ENABLE_MODULES = YES;
				CLANG_ENABLE_OBJC_ARC = YES;
				CLANG_WARN_BOOL_CONVERSION = YES;
				CLANG_WARN_CONSTANT_CONVERSION = YES;
				CLANG_WARN_DIRECT_OBJC_ISA_USAGE = YES_ERROR;
				CLANG_WARN_EMPTY_BODY = YES;
				CLANG_WARN_ENUM_CONVERSION = YES;
				CLANG_WARN_INT_CONVERSION = YES;
				CLANG_WARN_OBJC_ROOT_CLASS = YES_ERROR;
				CLANG_WARN__DUPLICATE_METHOD_MATCH = YES;
				"CODE_SIGN_IDENTITY[sdk=iphoneos*]" = "iPhone Developer";
				COPY_PHASE_STRIP = NO;
				GCC_C_LANGUAGE_STANDARD = gnu99;
				GCC_DYNAMIC_NO_PIC = NO;
				GCC_OPTIMIZATION_LEVEL = 0;
				GCC_PREPROCESSOR_DEFINITIONS = (
					"DEBUG=1",
					"$(inherited)",
				);
				GCC_SYMBOLS_PRIVATE_EXTERN = NO;
				GCC_WARN_64_TO_32_BIT_CONVERSION = YES;
				GCC_WARN_ABOUT_RETURN_TYPE = YES_ERROR;
				GCC_WARN_UNDECLARED_SELECTOR = YES;
				GCC_WARN_UNINITIALIZED_AUTOS = YES;
				GCC_WARN_UNUSED_FUNCTION = YES;
				GCC_WARN_UNUSED_VARIABLE = YES;
				IPHONEOS_DEPLOYMENT_TARGET = 7.0;
				ONLY_ACTIVE_ARCH = YES;
				SDKROOT = iphoneos;
				TARGETED_DEVICE_FAMILY = "1,2";
			};
			name = Debug;
		};
		2597C0BA17F86D8800E2A253 /* Release */ = {
			isa = XCBuildConfiguration;
			buildSettings = {
				ALWAYS_SEARCH_USER_PATHS = NO;
				ARCHS = "$(ARCHS_STANDARD_INCLUDING_64_BIT)";
				CLANG_CXX_LANGUAGE_STANDARD = "gnu++0x";
				CLANG_CXX_LIBRARY = "libc++";
				CLANG_ENABLE_MODULES = YES;
				CLANG_ENABLE_OBJC_ARC = YES;
				CLANG_WARN_BOOL_CONVERSION = YES;
				CLANG_WARN_CONSTANT_CONVERSION = YES;
				CLANG_WARN_DIRECT_OBJC_ISA_USAGE = YES_ERROR;
				CLANG_WARN_EMPTY_BODY = YES;
				CLANG_WARN_ENUM_CONVERSION = YES;
				CLANG_WARN_INT_CONVERSION = YES;
				CLANG_WARN_OBJC_ROOT_CLASS = YES_ERROR;
				CLANG_WARN__DUPLICATE_METHOD_MATCH = YES;
				"CODE_SIGN_IDENTITY[sdk=iphoneos*]" = "iPhone Developer";
				COPY_PHASE_STRIP = YES;
				ENABLE_NS_ASSERTIONS = NO;
				GCC_C_LANGUAGE_STANDARD = gnu99;
				GCC_WARN_64_TO_32_BIT_CONVERSION = YES;
				GCC_WARN_ABOUT_RETURN_TYPE = YES_ERROR;
				GCC_WARN_UNDECLARED_SELECTOR = YES;
				GCC_WARN_UNINITIALIZED_AUTOS = YES;
				GCC_WARN_UNUSED_FUNCTION = YES;
				GCC_WARN_UNUSED_VARIABLE = YES;
				IPHONEOS_DEPLOYMENT_TARGET = 7.0;
				SDKROOT = iphoneos;
				TARGETED_DEVICE_FAMILY = "1,2";
				VALIDATE_PRODUCT = YES;
			};
			name = Release;
		};
		2597C0BC17F86D8800E2A253 /* Debug */ = {
			isa = XCBuildConfiguration;
			buildSettings = {
				ASSETCATALOG_COMPILER_APPICON_NAME = AppIcon;
				ASSETCATALOG_COMPILER_LAUNCHIMAGE_NAME = LaunchImage;
				GCC_PRECOMPILE_PREFIX_HEADER = YES;
				GCC_PREFIX_HEADER = "Chinese Poker Score/Chinese Poker Score-Prefix.pch";
				INFOPLIST_FILE = "Chinese Poker Score/Chinese Poker Score-Info.plist";
				PRODUCT_NAME = "$(TARGET_NAME)";
				WRAPPER_EXTENSION = app;
			};
			name = Debug;
		};
		2597C0BD17F86D8800E2A253 /* Release */ = {
			isa = XCBuildConfiguration;
			buildSettings = {
				ASSETCATALOG_COMPILER_APPICON_NAME = AppIcon;
				ASSETCATALOG_COMPILER_LAUNCHIMAGE_NAME = LaunchImage;
				GCC_PRECOMPILE_PREFIX_HEADER = YES;
				GCC_PREFIX_HEADER = "Chinese Poker Score/Chinese Poker Score-Prefix.pch";
				INFOPLIST_FILE = "Chinese Poker Score/Chinese Poker Score-Info.plist";
				PRODUCT_NAME = "$(TARGET_NAME)";
				WRAPPER_EXTENSION = app;
			};
			name = Release;
		};
		2597C0BF17F86D8800E2A253 /* Debug */ = {
			isa = XCBuildConfiguration;
			buildSettings = {
				ARCHS = "$(ARCHS_STANDARD_INCLUDING_64_BIT)";
				BUNDLE_LOADER = "$(BUILT_PRODUCTS_DIR)/Chinese Poker Score.app/Chinese Poker Score";
				FRAMEWORK_SEARCH_PATHS = (
					"$(SDKROOT)/Developer/Library/Frameworks",
					"$(inherited)",
					"$(DEVELOPER_FRAMEWORKS_DIR)",
				);
				GCC_PRECOMPILE_PREFIX_HEADER = YES;
				GCC_PREFIX_HEADER = "Chinese Poker Score/Chinese Poker Score-Prefix.pch";
				GCC_PREPROCESSOR_DEFINITIONS = (
					"DEBUG=1",
					"$(inherited)",
				);
				INFOPLIST_FILE = "Chinese Poker ScoreTests/Chinese Poker ScoreTests-Info.plist";
				PRODUCT_NAME = "$(TARGET_NAME)";
				TEST_HOST = "$(BUNDLE_LOADER)";
				WRAPPER_EXTENSION = xctest;
			};
			name = Debug;
		};
		2597C0C017F86D8800E2A253 /* Release */ = {
			isa = XCBuildConfiguration;
			buildSettings = {
				ARCHS = "$(ARCHS_STANDARD_INCLUDING_64_BIT)";
				BUNDLE_LOADER = "$(BUILT_PRODUCTS_DIR)/Chinese Poker Score.app/Chinese Poker Score";
				FRAMEWORK_SEARCH_PATHS = (
					"$(SDKROOT)/Developer/Library/Frameworks",
					"$(inherited)",
					"$(DEVELOPER_FRAMEWORKS_DIR)",
				);
				GCC_PRECOMPILE_PREFIX_HEADER = YES;
				GCC_PREFIX_HEADER = "Chinese Poker Score/Chinese Poker Score-Prefix.pch";
				INFOPLIST_FILE = "Chinese Poker ScoreTests/Chinese Poker ScoreTests-Info.plist";
				PRODUCT_NAME = "$(TARGET_NAME)";
				TEST_HOST = "$(BUNDLE_LOADER)";
				WRAPPER_EXTENSION = xctest;
			};
			name = Release;
		};
/* End XCBuildConfiguration section */

/* Begin XCConfigurationList section */
		2597C08A17F86D8800E2A253 /* Build configuration list for PBXProject "Chinese Poker Score" */ = {
			isa = XCConfigurationList;
			buildConfigurations = (
				2597C0B917F86D8800E2A253 /* Debug */,
				2597C0BA17F86D8800E2A253 /* Release */,
			);
			defaultConfigurationIsVisible = 0;
			defaultConfigurationName = Release;
		};
		2597C0BB17F86D8800E2A253 /* Build configuration list for PBXNativeTarget "Chinese Poker Score" */ = {
			isa = XCConfigurationList;
			buildConfigurations = (
				2597C0BC17F86D8800E2A253 /* Debug */,
				2597C0BD17F86D8800E2A253 /* Release */,
			);
			defaultConfigurationIsVisible = 0;
		};
		2597C0BE17F86D8800E2A253 /* Build configuration list for PBXNativeTarget "Chinese Poker ScoreTests" */ = {
			isa = XCConfigurationList;
			buildConfigurations = (
				2597C0BF17F86D8800E2A253 /* Debug */,
				2597C0C017F86D8800E2A253 /* Release */,
			);
			defaultConfigurationIsVisible = 0;
		};
/* End XCConfigurationList section */
	};
	rootObject = 2597C08717F86D8800E2A253 /* Project object */;
}
